<?xml version="1.0" encoding="utf-8"?>
<Project ToolsVersion="4.0" xmlns="http://schemas.microsoft.com/developer/msbuild/2003">
  <ItemGroup>
    <Filter Include="Glados">
      <UniqueIdentifier>{BF8856B5-AB2A-818B-94E5-94DF802608DC}</UniqueIdentifier>
    </Filter>
    <Filter Include="Glados\Core">
      <UniqueIdentifier>{77FCAD79-E3B1-266F-6CA6-2046D85A1D73}</UniqueIdentifier>
    </Filter>
    <Filter Include="Glados\Events">
      <UniqueIdentifier>{C30741A2-2FC8-BCD8-F802-0656648201B5}</UniqueIdentifier>
    </Filter>
    <Filter Include="Glados\ImGui">
      <UniqueIdentifier>{2951D8AF-15B4-6754-BE39-A00AAA7B33D7}</UniqueIdentifier>
    </Filter>
    <Filter Include="Glados\Renderer">
      <UniqueIdentifier>{45139D2D-B19E-0AF2-BAAF-8DE626BA66F2}</UniqueIdentifier>
    </Filter>
    <Filter Include="Platform">
      <UniqueIdentifier>{2AC788B4-1694-E3BF-3FAD-D1672BD9184E}</UniqueIdentifier>
    </Filter>
    <Filter Include="Platform\OpenGL">
      <UniqueIdentifier>{1E7D2C1D-8A08-9AE1-9319-1DD6FF23F6E1}</UniqueIdentifier>
    </Filter>
    <Filter Include="Platform\Windows">
      <UniqueIdentifier>{64FBD71A-50F4-F66C-7926-DCF1657ED678}</UniqueIdentifier>
    </Filter>
  </ItemGroup>
  <ItemGroup>
    <ClInclude Include="src\Glados.h" />
    <ClInclude Include="src\Glados\Core\Core.h">
      <Filter>Glados\Core</Filter>
    </ClInclude>
    <ClInclude Include="src\Glados\Core\EntryPoint.h">
      <Filter>Glados\Core</Filter>
    </ClInclude>
    <ClInclude Include="src\Glados\Core\GDApplication.h">
      <Filter>Glados\Core</Filter>
    </ClInclude>
    <ClInclude Include="src\Glados\Core\GDLog.h">
      <Filter>Glados\Core</Filter>
    </ClInclude>
    <ClInclude Include="src\Glados\Core\Input.h">
      <Filter>Glados\Core</Filter>
    </ClInclude>
    <ClInclude Include="src\Glados\Core\KeyCodes.h">
      <Filter>Glados\Core</Filter>
    </ClInclude>
    <ClInclude Include="src\Glados\Core\Layer.h">
      <Filter>Glados\Core</Filter>
    </ClInclude>
    <ClInclude Include="src\Glados\Core\LayerStack.h">
      <Filter>Glados\Core</Filter>
    </ClInclude>
    <ClInclude Include="src\Glados\Core\MouseButtonCodes.h">
      <Filter>Glados\Core</Filter>
    </ClInclude>
    <ClInclude Include="src\Glados\Core\Timestep.h">
      <Filter>Glados\Core</Filter>
    </ClInclude>
    <ClInclude Include="src\Glados\Core\Window.h">
      <Filter>Glados\Core</Filter>
    </ClInclude>
    <ClInclude Include="src\Glados\Events\ApplicationEvent.h">
      <Filter>Glados\Events</Filter>
    </ClInclude>
    <ClInclude Include="src\Glados\Events\Event.h">
      <Filter>Glados\Events</Filter>
    </ClInclude>
    <ClInclude Include="src\Glados\Events\KeyEvent.h">
      <Filter>Glados\Events</Filter>
    </ClInclude>
    <ClInclude Include="src\Glados\Events\MouseEvent.h">
      <Filter>Glados\Events</Filter>
    </ClInclude>
    <ClInclude Include="src\Glados\ImGui\ImGuiLayer.h">
      <Filter>Glados\ImGui</Filter>
    </ClInclude>
    <ClInclude Include="src\Glados\Renderer\Buffer.h">
      <Filter>Glados\Renderer</Filter>
    </ClInclude>
    <ClInclude Include="src\Glados\Renderer\GraphicsContext.h">
      <Filter>Glados\Renderer</Filter>
    </ClInclude>
    <ClInclude Include="src\Glados\Renderer\Renderer.h">
      <Filter>Glados\Renderer</Filter>
    </ClInclude>
    <ClInclude Include="src\Glados\Renderer\RendererAPI.h">
      <Filter>Glados\Renderer</Filter>
    </ClInclude>
    <ClInclude Include="src\Glados\Renderer\Shader.h">
      <Filter>Glados\Renderer</Filter>
    </ClInclude>
    <ClInclude Include="src\Glados\Renderer\StbImageImpl.h">
      <Filter>Glados\Renderer</Filter>
    </ClInclude>
    <ClInclude Include="src\Glados\Renderer\Texture.h">
      <Filter>Glados\Renderer</Filter>
    </ClInclude>
    <ClInclude Include="src\Glados\Renderer\VertexArray.h">
      <Filter>Glados\Renderer</Filter>
    </ClInclude>
    <ClInclude Include="src\Platform\OpenGL\OpenGLBuffer.h">
      <Filter>Platform\OpenGL</Filter>
    </ClInclude>
    <ClInclude Include="src\Platform\OpenGL\OpenGLContext.h">
      <Filter>Platform\OpenGL</Filter>
    </ClInclude>
    <ClInclude Include="src\Platform\OpenGL\OpenGLRendererAPI.h">
      <Filter>Platform\OpenGL</Filter>
    </ClInclude>
    <ClInclude Include="src\Platform\OpenGL\OpenGLShader.h">
      <Filter>Platform\OpenGL</Filter>
    </ClInclude>
    <ClInclude Include="src\Platform\OpenGL\OpenGLTexture.h">
      <Filter>Platform\OpenGL</Filter>
    </ClInclude>
    <ClInclude Include="src\Platform\OpenGL\OpenGLVertexArray.h">
      <Filter>Platform\OpenGL</Filter>
    </ClInclude>
    <ClInclude Include="src\Platform\Windows\WindowsInput.h">
      <Filter>Platform\Windows</Filter>
    </ClInclude>
    <ClInclude Include="src\Platform\Windows\WindowsWindow.h">
      <Filter>Platform\Windows</Filter>
    </ClInclude>
    <ClInclude Include="src\gladospch.h" />
    <ClInclude Include="src\Glados\Renderer\Material.h" />
    <ClInclude Include="src\Glados\Renderer\Mesh.h" />
    <ClInclude Include="src\Glados\Renderer\Uniform.h" />
    <ClInclude Include="src\Glados\Renderer\Framebuffer.h" />
    <ClInclude Include="src\Platform\OpenGL\OpenGLFramebuffer.h" />
  </ItemGroup>
  <ItemGroup>
    <ClCompile Include="src\Glados\Core\GDApplication.cpp">
      <Filter>Glados\Core</Filter>
    </ClCompile>
    <ClCompile Include="src\Glados\Core\GDLog.cpp">
      <Filter>Glados\Core</Filter>
    </ClCompile>
    <ClCompile Include="src\Glados\Core\Layer.cpp">
      <Filter>Glados\Core</Filter>
    </ClCompile>
    <ClCompile Include="src\Glados\Core\LayerStack.cpp">
      <Filter>Glados\Core</Filter>
    </ClCompile>
    <ClCompile Include="src\Glados\Core\Window.cpp">
      <Filter>Glados\Core</Filter>
    </ClCompile>
    <ClCompile Include="src\Glados\ImGui\ImGuiBuild.cpp">
      <Filter>Glados\ImGui</Filter>
    </ClCompile>
    <ClCompile Include="src\Glados\ImGui\ImGuiLayer.cpp">
      <Filter>Glados\ImGui</Filter>
    </ClCompile>
    <ClCompile Include="src\Glados\Renderer\Bufer.cpp">
      <Filter>Glados\Renderer</Filter>
    </ClCompile>
    <ClCompile Include="src\Glados\Renderer\GraphicsContext.cpp">
      <Filter>Glados\Renderer</Filter>
    </ClCompile>
    <ClCompile Include="src\Glados\Renderer\Renderer.cpp">
      <Filter>Glados\Renderer</Filter>
    </ClCompile>
    <ClCompile Include="src\Glados\Renderer\RendererAPI.cpp">
      <Filter>Glados\Renderer</Filter>
    </ClCompile>
    <ClCompile Include="src\Glados\Renderer\Shader.cpp">
      <Filter>Glados\Renderer</Filter>
    </ClCompile>
    <ClCompile Include="src\Glados\Renderer\Texture.cpp">
      <Filter>Glados\Renderer</Filter>
    </ClCompile>
    <ClCompile Include="src\Glados\Renderer\VertexArray.cpp">
      <Filter>Glados\Renderer</Filter>
    </ClCompile>
    <ClCompile Include="src\Platform\OpenGL\OpenGLBuffer.cpp">
      <Filter>Platform\OpenGL</Filter>
    </ClCompile>
    <ClCompile Include="src\Platform\OpenGL\OpenGLContext.cpp">
      <Filter>Platform\OpenGL</Filter>
    </ClCompile>
    <ClCompile Include="src\Platform\OpenGL\OpenGLRendererAPI.cpp">
      <Filter>Platform\OpenGL</Filter>
    </ClCompile>
    <ClCompile Include="src\Platform\OpenGL\OpenGLShader.cpp">
      <Filter>Platform\OpenGL</Filter>
    </ClCompile>
    <ClCompile Include="src\Platform\OpenGL\OpenGLTexture.cpp">
      <Filter>Platform\OpenGL</Filter>
    </ClCompile>
    <ClCompile Include="src\Platform\OpenGL\OpenGLVertexArray.cpp">
      <Filter>Platform\OpenGL</Filter>
    </ClCompile>
    <ClCompile Include="src\Platform\Windows\WindowsInput.cpp">
      <Filter>Platform\Windows</Filter>
    </ClCompile>
    <ClCompile Include="src\Platform\Windows\WindowsWindow.cpp">
      <Filter>Platform\Windows</Filter>
    </ClCompile>
    <ClCompile Include="src\gladospch.cpp" />
    <ClCompile Include="src\Glados\Renderer\Material.cpp" />
    <ClCompile Include="src\Glados\Renderer\Mesh.cpp" />
    <ClCompile Include="src\Glados\Renderer\Uniform.cpp" />
    <ClCompile Include="src\Glados\Renderer\Framebuffer.cpp" />
    <ClCompile Include="src\Platform\OpenGL\OpenGLFramebuffer.cpp" />
  </ItemGroup>
</Project>