<?xml version="1.0" encoding="utf-8"?>
<Project ToolsVersion="4.0" xmlns="http://schemas.microsoft.com/developer/msbuild/2003">
  <ItemGroup>
    <Filter Include="Tests">
      <UniqueIdentifier>{5865280E-C479-50BF-8DFB-F31EF9CE4CF0}</UniqueIdentifier>
    </Filter>
  </ItemGroup>
  <ItemGroup>
    <ClInclude Include="src\TestLayer.h" />
    <ClInclude Include="src\Tests\Test.h">
      <Filter>Tests</Filter>
    </ClInclude>
    <ClInclude Include="src\Tests\TestClearColor.h">
      <Filter>Tests</Filter>
    </ClInclude>
    <ClInclude Include="src\Tests\TestVertexArray.h">
      <Filter>Tests</Filter>
    </ClInclude>
    <ClInclude Include="src\TestParticleSystem.h" />
    <ClInclude Include="src\Tests\Test3D.h" />
  </ItemGroup>
  <ItemGroup>
    <ClCompile Include="src\Sandbox.cpp" />
    <ClCompile Include="src\TestLayer.cpp" />
    <ClCompile Include="src\Tests\Test.cpp">
      <Filter>Tests</Filter>
    </ClCompile>
    <ClCompile Include="src\Tests\TestClearColor.cpp">
      <Filter>Tests</Filter>
    </ClCompile>
    <ClCompile Include="src\Tests\TestVertexArray.cpp">
      <Filter>Tests</Filter>
    </ClCompile>
    <ClCompile Include="src\Tests\TestParticleSystem.cpp" />
    <ClCompile Include="src\Tests\Test3D.cpp" />
  </ItemGroup>
</Project>